
Microsoft Visual Studio Solution File, Format Version 12.00
# Visual Studio Version 17
VisualStudioVersion = 17.10.35004.147
MinimumVisualStudioVersion = 10.0.40219.1
Project("{FAE04EC0-301F-11D3-BF4B-00C04F79EFBC}") = "Nelder-Mead Method", "Nelder-Mead Method\Nelder-Mead Method.csproj", "{CDA7E5B2-16BA-4571-BDDE-12164CA91EF3}"
EndProject
Global
	GlobalSection(SolutionConfigurationPlatforms) = preSolution
		Debug|Any CPU = Debug|Any CPU
		Release|Any CPU = Release|Any CPU
	EndGlobalSection
	GlobalSection(ProjectConfigurationPlatforms) = postSolution
		{CDA7E5B2-16BA-4571-BDDE-12164CA91EF3}.Debug|Any CPU.ActiveCfg = Debug|Any CPU
		{CDA7E5B2-16BA-4571-BDDE-12164CA91EF3}.Debug|Any CPU.Build.0 = Debug|Any CPU
		{CDA7E5B2-16BA-4571-BDDE-12164CA91EF3}.Release|Any CPU.ActiveCfg = Release|Any CPU
		{CDA7E5B2-16BA-4571-BDDE-12164CA91EF3}.Release|Any CPU.Build.0 = Release|Any CPU
	EndGlobalSection
	GlobalSection(SolutionProperties) = preSolution
		HideSolutionNode = FALSE
	EndGlobalSection
	GlobalSection(ExtensibilityGlobals) = postSolution
		SolutionGuid = {8B8F3013-72C1-4620-8182-1F5B819C787D}
	EndGlobalSection
EndGlobal
